
Microsoft Visual Studio Solution File, Format Version 12.00
# Visual Studio Version 17
VisualStudioVersion = 17.0.31612.314
MinimumVisualStudioVersion = 10.0.40219.1
Project("{FAE04EC0-301F-11D3-BF4B-00C04F79EFBC}") = "lesson7-homework-UI WinForms", "lesson7-homework-UI WinForms\lesson7-homework-UI WinForms.csproj", "{993E4EF4-FC45-4F80-AB40-1E47BAEA439C}"
EndProject
Project("{FAE04EC0-301F-11D3-BF4B-00C04F79EFBC}") = "lesson7.ClassLibrary.DB", "lesson7.ClassLibrary\lesson7.ClassLibrary.DB.csproj", "{7D519C12-34E9-432B-8B26-04C276D79884}"
EndProject
Global
	GlobalSection(SolutionConfigurationPlatforms) = preSolution
		Debug|Any CPU = Debug|Any CPU
		Release|Any CPU = Release|Any CPU
	EndGlobalSection
	GlobalSection(ProjectConfigurationPlatforms) = postSolution
		{993E4EF4-FC45-4F80-AB40-1E47BAEA439C}.Debug|Any CPU.ActiveCfg = Debug|Any CPU
		{993E4EF4-FC45-4F80-AB40-1E47BAEA439C}.Debug|Any CPU.Build.0 = Debug|Any CPU
		{993E4EF4-FC45-4F80-AB40-1E47BAEA439C}.Release|Any CPU.ActiveCfg = Release|Any CPU
		{993E4EF4-FC45-4F80-AB40-1E47BAEA439C}.Release|Any CPU.Build.0 = Release|Any CPU
		{7D519C12-34E9-432B-8B26-04C276D79884}.Debug|Any CPU.ActiveCfg = Debug|Any CPU
		{7D519C12-34E9-432B-8B26-04C276D79884}.Debug|Any CPU.Build.0 = Debug|Any CPU
		{7D519C12-34E9-432B-8B26-04C276D79884}.Release|Any CPU.ActiveCfg = Release|Any CPU
		{7D519C12-34E9-432B-8B26-04C276D79884}.Release|Any CPU.Build.0 = Release|Any CPU
	EndGlobalSection
	GlobalSection(SolutionProperties) = preSolution
		HideSolutionNode = FALSE
	EndGlobalSection
	GlobalSection(ExtensibilityGlobals) = postSolution
		SolutionGuid = {B6CD18FF-F9C9-4C40-B060-D7B03F149547}
	EndGlobalSection
EndGlobal
