
Microsoft Visual Studio Solution File, Format Version 12.00
# Visual Studio Version 17
VisualStudioVersion = 17.0.31612.314
MinimumVisualStudioVersion = 10.0.40219.1
Project("{9A19103F-16F7-4668-BE54-9A1E7A4F7556}") = "lesson6-homework", "ConsoleApp1\lesson6-homework.csproj", "{DA5508FA-E3C4-4295-81E4-3DB59E1B3D14}"
EndProject
Global
	GlobalSection(SolutionConfigurationPlatforms) = preSolution
		Debug|Any CPU = Debug|Any CPU
		Release|Any CPU = Release|Any CPU
	EndGlobalSection
	GlobalSection(ProjectConfigurationPlatforms) = postSolution
		{DA5508FA-E3C4-4295-81E4-3DB59E1B3D14}.Debug|Any CPU.ActiveCfg = Debug|Any CPU
		{DA5508FA-E3C4-4295-81E4-3DB59E1B3D14}.Debug|Any CPU.Build.0 = Debug|Any CPU
		{DA5508FA-E3C4-4295-81E4-3DB59E1B3D14}.Release|Any CPU.ActiveCfg = Release|Any CPU
		{DA5508FA-E3C4-4295-81E4-3DB59E1B3D14}.Release|Any CPU.Build.0 = Release|Any CPU
	EndGlobalSection
	GlobalSection(SolutionProperties) = preSolution
		HideSolutionNode = FALSE
	EndGlobalSection
	GlobalSection(ExtensibilityGlobals) = postSolution
		SolutionGuid = {388D4583-8EA4-4123-866C-D01DA26EF500}
	EndGlobalSection
EndGlobal
